
Microsoft Visual Studio Solution File, Format Version 12.00
# Visual Studio Version 17
VisualStudioVersion = 17.2.32526.322
MinimumVisualStudioVersion = 10.0.40219.1
Project("{FAE04EC0-301F-11D3-BF4B-00C04F79EFBC}") = "Client", "Client\Client.csproj", "{558085A9-263E-4021-8BF3-60A51D411791}"
EndProject
Global
	GlobalSection(SolutionConfigurationPlatforms) = preSolution
		Debug|Any CPU = Debug|Any CPU
		Release|Any CPU = Release|Any CPU
	EndGlobalSection
	GlobalSection(ProjectConfigurationPlatforms) = postSolution
		{558085A9-263E-4021-8BF3-60A51D411791}.Debug|Any CPU.ActiveCfg = Debug|Any CPU
		{558085A9-263E-4021-8BF3-60A51D411791}.Debug|Any CPU.Build.0 = Debug|Any CPU
		{558085A9-263E-4021-8BF3-60A51D411791}.Release|Any CPU.ActiveCfg = Release|Any CPU
		{558085A9-263E-4021-8BF3-60A51D411791}.Release|Any CPU.Build.0 = Release|Any CPU
	EndGlobalSection
	GlobalSection(SolutionProperties) = preSolution
		HideSolutionNode = FALSE
	EndGlobalSection
	GlobalSection(ExtensibilityGlobals) = postSolution
		SolutionGuid = {33686B74-7352-4B1A-AA05-00E689DE6A3E}
	EndGlobalSection
EndGlobal
