
Microsoft Visual Studio Solution File, Format Version 12.00
# Visual Studio Version 17
VisualStudioVersion = 17.2.32526.322
MinimumVisualStudioVersion = 10.0.40219.1
Project("{FAE04EC0-301F-11D3-BF4B-00C04F79EFBC}") = "CryptoService", "CryptoService\CryptoService.csproj", "{6E39A475-357B-4E36-991F-E059537121B2}"
EndProject
Project("{FAE04EC0-301F-11D3-BF4B-00C04F79EFBC}") = "CryptoHost", "CryptoHost\CryptoHost.csproj", "{75340F51-C01A-4EA5-BB1B-39DF91FD56C0}"
EndProject
Global
	GlobalSection(SolutionConfigurationPlatforms) = preSolution
		Debug|Any CPU = Debug|Any CPU
		Release|Any CPU = Release|Any CPU
	EndGlobalSection
	GlobalSection(ProjectConfigurationPlatforms) = postSolution
		{6E39A475-357B-4E36-991F-E059537121B2}.Debug|Any CPU.ActiveCfg = Debug|Any CPU
		{6E39A475-357B-4E36-991F-E059537121B2}.Debug|Any CPU.Build.0 = Debug|Any CPU
		{6E39A475-357B-4E36-991F-E059537121B2}.Release|Any CPU.ActiveCfg = Release|Any CPU
		{6E39A475-357B-4E36-991F-E059537121B2}.Release|Any CPU.Build.0 = Release|Any CPU
		{75340F51-C01A-4EA5-BB1B-39DF91FD56C0}.Debug|Any CPU.ActiveCfg = Debug|Any CPU
		{75340F51-C01A-4EA5-BB1B-39DF91FD56C0}.Debug|Any CPU.Build.0 = Debug|Any CPU
		{75340F51-C01A-4EA5-BB1B-39DF91FD56C0}.Release|Any CPU.ActiveCfg = Release|Any CPU
		{75340F51-C01A-4EA5-BB1B-39DF91FD56C0}.Release|Any CPU.Build.0 = Release|Any CPU
	EndGlobalSection
	GlobalSection(SolutionProperties) = preSolution
		HideSolutionNode = FALSE
	EndGlobalSection
	GlobalSection(ExtensibilityGlobals) = postSolution
		SolutionGuid = {5D53A325-738B-4789-AF6D-25D05B69F245}
	EndGlobalSection
EndGlobal
